
Microsoft Visual Studio Solution File, Format Version 12.00
# Visual Studio Version 16
VisualStudioVersion = 16.0.29306.81
MinimumVisualStudioVersion = 10.0.40219.1
Project("{9A19103F-16F7-4668-BE54-9A1E7A4F7556}") = "ProjectHandler.API", "ProjectHandler.API\ProjectHandler.API.csproj", "{C33BB766-6C71-4964-BBA3-53477647CAF3}"
EndProject
Project("{9A19103F-16F7-4668-BE54-9A1E7A4F7556}") = "ProjectHandler.API.Tests", "ProjectHandler.API.Tests\ProjectHandler.API.Tests.csproj", "{D551EC86-9667-44FB-B0C8-2B91782D0A95}"
EndProject
Global
	GlobalSection(SolutionConfigurationPlatforms) = preSolution
		Debug|Any CPU = Debug|Any CPU
		Release|Any CPU = Release|Any CPU
	EndGlobalSection
	GlobalSection(ProjectConfigurationPlatforms) = postSolution
		{C33BB766-6C71-4964-BBA3-53477647CAF3}.Debug|Any CPU.ActiveCfg = Debug|Any CPU
		{C33BB766-6C71-4964-BBA3-53477647CAF3}.Debug|Any CPU.Build.0 = Debug|Any CPU
		{C33BB766-6C71-4964-BBA3-53477647CAF3}.Release|Any CPU.ActiveCfg = Release|Any CPU
		{C33BB766-6C71-4964-BBA3-53477647CAF3}.Release|Any CPU.Build.0 = Release|Any CPU
		{D551EC86-9667-44FB-B0C8-2B91782D0A95}.Debug|Any CPU.ActiveCfg = Debug|Any CPU
		{D551EC86-9667-44FB-B0C8-2B91782D0A95}.Debug|Any CPU.Build.0 = Debug|Any CPU
		{D551EC86-9667-44FB-B0C8-2B91782D0A95}.Release|Any CPU.ActiveCfg = Release|Any CPU
		{D551EC86-9667-44FB-B0C8-2B91782D0A95}.Release|Any CPU.Build.0 = Release|Any CPU
	EndGlobalSection
	GlobalSection(SolutionProperties) = preSolution
		HideSolutionNode = FALSE
	EndGlobalSection
	GlobalSection(ExtensibilityGlobals) = postSolution
		SolutionGuid = {42AB26A5-D5CF-4464-85E9-EF8262192244}
	EndGlobalSection
EndGlobal
